// !$*UTF8*$!
{
	archiveVersion = 1;
	classes = {
	};
	objectVersion = 70;
	objects = {

/* Begin PBXBuildFile section */
		001 /* MeuLabApp.swift in Sources */ = {isa = PBXBuildFile; fileRef = 101 /* MeuLabApp.swift */; };
		002 /* ContentView.swift in Sources */ = {isa = PBXBuildFile; fileRef = 102 /* ContentView.swift */; };
		003 /* ADSBModels.swift in Sources */ = {isa = PBXBuildFile; fileRef = 103 /* ADSBModels.swift */; };
		004 /* SystemModels.swift in Sources */ = {isa = PBXBuildFile; fileRef = 104 /* SystemModels.swift */; };
		005 /* RadioModels.swift in Sources */ = {isa = PBXBuildFile; fileRef = 105 /* RadioModels.swift */; };
		006 /* WeatherModels.swift in Sources */ = {isa = PBXBuildFile; fileRef = 106 /* WeatherModels.swift */; };
		007 /* SatelliteModels.swift in Sources */ = {isa = PBXBuildFile; fileRef = 107 /* SatelliteModels.swift */; };
		008 /* APIService.swift in Sources */ = {isa = PBXBuildFile; fileRef = 108 /* APIService.swift */; };
		009 /* AudioPlayer.swift in Sources */ = {isa = PBXBuildFile; fileRef = 109 /* AudioPlayer.swift */; };
		010 /* AppState.swift in Sources */ = {isa = PBXBuildFile; fileRef = 110 /* AppState.swift */; };
		011 /* ADSBView.swift in Sources */ = {isa = PBXBuildFile; fileRef = 111 /* ADSBView.swift */; };
		012 /* SystemView.swift in Sources */ = {isa = PBXBuildFile; fileRef = 112 /* SystemView.swift */; };
		013 /* RadioView.swift in Sources */ = {isa = PBXBuildFile; fileRef = 113 /* RadioView.swift */; };
		014 /* WeatherView.swift in Sources */ = {isa = PBXBuildFile; fileRef = 114 /* WeatherView.swift */; };
		015 /* SatelliteView.swift in Sources */ = {isa = PBXBuildFile; fileRef = 115 /* SatelliteView.swift */; };
		016 /* Assets.xcassets in Resources */ = {isa = PBXBuildFile; fileRef = 116 /* Assets.xcassets */; };
		017 /* AircraftMapView.swift in Sources */ = {isa = PBXBuildFile; fileRef = 118 /* AircraftMapView.swift */; };
		018 /* ACARSModels.swift in Sources */ = {isa = PBXBuildFile; fileRef = 119 /* ACARSModels.swift */; };
		019 /* ACARSView.swift in Sources */ = {isa = PBXBuildFile; fileRef = 120 /* ACARSView.swift */; };
		020 /* MapView.swift in Sources */ = {isa = PBXBuildFile; fileRef = 121 /* MapView.swift */; };
		021 /* PushNotificationManager.swift in Sources */ = {isa = PBXBuildFile; fileRef = 122 /* PushNotificationManager.swift */; };
		022 /* LocationManager.swift in Sources */ = {isa = PBXBuildFile; fileRef = 123 /* LocationManager.swift */; };
		023 /* RadarWebView.swift in Sources */ = {isa = PBXBuildFile; fileRef = 124 /* RadarWebView.swift */; };
		024 /* RadarHTML.swift in Sources */ = {isa = PBXBuildFile; fileRef = 125 /* RadarHTML.swift */; };
		025 /* SystemExtrasModels.swift in Sources */ = {isa = PBXBuildFile; fileRef = 126 /* SystemExtrasModels.swift */; };
		026 /* InfraView.swift in Sources */ = {isa = PBXBuildFile; fileRef = 127 /* InfraView.swift */; };
		027 /* RadarSplashOverlay.swift in Sources */ = {isa = PBXBuildFile; fileRef = 128 /* RadarSplashOverlay.swift */; };
		028 /* RadarSplashSwiftUI.swift in Sources */ = {isa = PBXBuildFile; fileRef = 129 /* RadarSplashSwiftUI.swift */; };
		029 /* LaunchScreen.storyboard in Resources */ = {isa = PBXBuildFile; fileRef = 130 /* LaunchScreen.storyboard */; };
		030 /* NotificationModels.swift in Sources */ = {isa = PBXBuildFile; fileRef = 131 /* NotificationModels.swift */; };
		031 /* NotificationFeedManager.swift in Sources */ = {isa = PBXBuildFile; fileRef = 132 /* NotificationFeedManager.swift */; };
		032 /* Formatters.swift in Sources */ = {isa = PBXBuildFile; fileRef = 133 /* Formatters.swift */; };
		033 /* OpenMeteoModels.swift in Sources */ = {isa = PBXBuildFile; fileRef = 134 /* OpenMeteoModels.swift */; };
		034 /* LabIntents.swift in Sources */ = {isa = PBXBuildFile; fileRef = 135 /* LabIntents.swift */; };
		035 /* LabShortcuts.swift in Sources */ = {isa = PBXBuildFile; fileRef = 136 /* LabShortcuts.swift */; };
		036 /* AviationStackModels.swift in Sources */ = {isa = PBXBuildFile; fileRef = 137 /* AviationStackModels.swift */; };
		037 /* WidgetDataManager.swift in Sources */ = {isa = PBXBuildFile; fileRef = 138 /* WidgetDataManager.swift */; };
		038 /* AnalyticsModels.swift in Sources */ = {isa = PBXBuildFile; fileRef = 139 /* AnalyticsModels.swift */; };
		039 /* iPadSplitView.swift in Sources */ = {isa = PBXBuildFile; fileRef = 140 /* iPadSplitView.swift */; };
		040 /* EnhancedContentView.swift in Sources */ = {isa = PBXBuildFile; fileRef = 141 /* EnhancedContentView.swift */; };
		041 /* ThemeManagerView.swift in Sources */ = {isa = PBXBuildFile; fileRef = 142 /* ThemeManagerView.swift */; };
		043 /* AnalyticsView.swift in Sources */ = {isa = PBXBuildFile; fileRef = 144 /* AnalyticsView.swift */; };
		044 /* AlertsView.swift in Sources */ = {isa = PBXBuildFile; fileRef = 145 /* AlertsView.swift */; };
		045 /* FlightSearchView.swift in Sources */ = {isa = PBXBuildFile; fileRef = 146 /* FlightSearchView.swift */; };
		047 /* DataExportView.swift in Sources */ = {isa = PBXBuildFile; fileRef = 148 /* DataExportView.swift */; };
		048 /* RemoteControlView.swift in Sources */ = {isa = PBXBuildFile; fileRef = 149 /* RemoteControlView.swift */; };
		049 /* ContainerLogsView.swift in Sources */ = {isa = PBXBuildFile; fileRef = 150 /* ContainerLogsView.swift */; };
		050 /* HealthCheckView.swift in Sources */ = {isa = PBXBuildFile; fileRef = 151 /* HealthCheckView.swift */; };
		051 /* StatCard.swift in Sources */ = {isa = PBXBuildFile; fileRef = 152 /* StatCard.swift */; };
		052 /* FirestickModels.swift in Sources */ = {isa = PBXBuildFile; fileRef = 153 /* FirestickModels.swift */; };
		F703A8C12F40352B007B6FD3 /* MeuLabNotificationService.appex in Embed Foundation Extensions */ = {isa = PBXBuildFile; fileRef = F703A8BA2F40352B007B6FD3 /* MeuLabNotificationService.appex */; settings = {ATTRIBUTES = (RemoveHeadersOnCopy, ); }; };
		F71A10242F2FB5780048CED8 /* WatchRadioView.swift in Sources */ = {isa = PBXBuildFile; fileRef = F71A10232F2FB5780048CED8 /* WatchRadioView.swift */; };
		F762D6292F44164400D6BA3B /* OpenSkyService.swift in Sources */ = {isa = PBXBuildFile; fileRef = F762D6282F44164400D6BA3B /* OpenSkyService.swift */; };
		F76A68C22F19CBB90081D8D9 /* BinaryCache.swift in Sources */ = {isa = PBXBuildFile; fileRef = F76A68C12F19CBB80081D8D9 /* BinaryCache.swift */; };
		F79572102F1347AB0058B81B /* WidgetKit.framework in Frameworks */ = {isa = PBXBuildFile; fileRef = F795720F2F1347AB0058B81B /* WidgetKit.framework */; };
		F79572122F1347AB0058B81B /* SwiftUI.framework in Frameworks */ = {isa = PBXBuildFile; fileRef = F79572112F1347AB0058B81B /* SwiftUI.framework */; };
		F79572232F1347AC0058B81B /* MeuLabWidgetsExtension.appex in Embed Foundation Extensions */ = {isa = PBXBuildFile; fileRef = F795720D2F1347AB0058B81B /* MeuLabWidgetsExtension.appex */; settings = {ATTRIBUTES = (RemoveHeadersOnCopy, ); }; };
		F7CE38A92F14AF0B00EF7A25 /* EnhancedWatchContentView.swift in Sources */ = {isa = PBXBuildFile; fileRef = F7CE38A82F14AF0B00EF7A25 /* EnhancedWatchContentView.swift */; };
		F7CE39022F14BDBA00EF7A25 /* SatellitePassPredictor.swift in Sources */ = {isa = PBXBuildFile; fileRef = F7CE39012F14BDBA00EF7A25 /* SatellitePassPredictor.swift */; };
		F7E628DE2F142B7100763B43 /* Assets.xcassets in Resources */ = {isa = PBXBuildFile; fileRef = 116 /* Assets.xcassets */; };
		F7E628E92F1430BA00763B43 /* LegacyRadarWebViewStore.swift in Sources */ = {isa = PBXBuildFile; fileRef = F7E628E82F1430BA00763B43 /* LegacyRadarWebViewStore.swift */; };
		F7E628EB2F1448E000763B43 /* LocalNowPlayingFetcher.swift in Sources */ = {isa = PBXBuildFile; fileRef = F7E628EA2F1448E000763B43 /* LocalNowPlayingFetcher.swift */; };
		W001 /* MeuLabWatchApp.swift in Sources */ = {isa = PBXBuildFile; fileRef = W101 /* MeuLabWatchApp.swift */; };
		W002 /* ContentView.swift in Sources */ = {isa = PBXBuildFile; fileRef = W102 /* ContentView.swift */; };
		W003 /* HomeView.swift in Sources */ = {isa = PBXBuildFile; fileRef = W103 /* HomeView.swift */; };
		W004 /* AlertsView.swift in Sources */ = {isa = PBXBuildFile; fileRef = W104 /* AlertsView.swift */; };
		W005 /* WatchADSBView.swift in Sources */ = {isa = PBXBuildFile; fileRef = W105 /* WatchADSBView.swift */; };
		W006 /* WatchACARSView.swift in Sources */ = {isa = PBXBuildFile; fileRef = W106 /* WatchACARSView.swift */; };
		W007 /* WatchSystemView.swift in Sources */ = {isa = PBXBuildFile; fileRef = W107 /* WatchSystemView.swift */; };
		W008 /* WatchInfraView.swift in Sources */ = {isa = PBXBuildFile; fileRef = W108 /* WatchInfraView.swift */; };
		W009 /* WatchWeatherView.swift in Sources */ = {isa = PBXBuildFile; fileRef = W109 /* WatchWeatherView.swift */; };
		W010 /* WatchSatDumpView.swift in Sources */ = {isa = PBXBuildFile; fileRef = W110 /* WatchSatDumpView.swift */; };
		W011 /* Assets.xcassets in Resources */ = {isa = PBXBuildFile; fileRef = W111 /* Assets.xcassets */; };
		W012 /* MeuLabWatch.app in Embed Watch Content */ = {isa = PBXBuildFile; fileRef = W100 /* MeuLabWatch.app */; settings = {ATTRIBUTES = (RemoveHeadersOnCopy, ); }; };
		W013 /* WatchAPIService.swift in Sources */ = {isa = PBXBuildFile; fileRef = W113 /* WatchAPIService.swift */; };
		W014 /* WatchModels.swift in Sources */ = {isa = PBXBuildFile; fileRef = W114 /* WatchModels.swift */; };
/* End PBXBuildFile section */

/* Begin PBXContainerItemProxy section */
		F703A8BF2F40352B007B6FD3 /* PBXContainerItemProxy */ = {
			isa = PBXContainerItemProxy;
			containerPortal = 600 /* Project object */;
			proxyType = 1;
			remoteGlobalIDString = F703A8B92F40352B007B6FD3;
			remoteInfo = MeuLabNotificationService;
		};
		F79572212F1347AC0058B81B /* PBXContainerItemProxy */ = {
			isa = PBXContainerItemProxy;
			containerPortal = 600 /* Project object */;
			proxyType = 1;
			remoteGlobalIDString = F795720C2F1347AB0058B81B;
			remoteInfo = MeuLabWidgetsExtension;
		};
		W200 /* PBXContainerItemProxy */ = {
			isa = PBXContainerItemProxy;
			containerPortal = 600 /* Project object */;
			proxyType = 1;
			remoteGlobalIDString = W400;
			remoteInfo = MeuLabWatch;
		};
/* End PBXContainerItemProxy section */

/* Begin PBXCopyFilesBuildPhase section */
		F79572282F1347AC0058B81B /* Embed Foundation Extensions */ = {
			isa = PBXCopyFilesBuildPhase;
			buildActionMask = 2147483647;
			dstPath = "";
			dstSubfolderSpec = 13;
			files = (
				F79572232F1347AC0058B81B /* MeuLabWidgetsExtension.appex in Embed Foundation Extensions */,
				F703A8C12F40352B007B6FD3 /* MeuLabNotificationService.appex in Embed Foundation Extensions */,
			);
			name = "Embed Foundation Extensions";
			runOnlyForDeploymentPostprocessing = 0;
		};
		W300 /* Embed Watch Content */ = {
			isa = PBXCopyFilesBuildPhase;
			buildActionMask = 2147483647;
			dstPath = "$(CONTENTS_FOLDER_PATH)/Watch";
			dstSubfolderSpec = 16;
			files = (
				W012 /* MeuLabWatch.app in Embed Watch Content */,
			);
			name = "Embed Watch Content";
			runOnlyForDeploymentPostprocessing = 0;
		};
/* End PBXCopyFilesBuildPhase section */

/* Begin PBXFileReference section */
		100 /* MeuLabApp.app */ = {isa = PBXFileReference; explicitFileType = wrapper.application; includeInIndex = 0; path = MeuLabApp.app; sourceTree = BUILT_PRODUCTS_DIR; };
		101 /* MeuLabApp.swift */ = {isa = PBXFileReference; lastKnownFileType = sourcecode.swift; path = MeuLabApp.swift; sourceTree = "<group>"; };
		102 /* ContentView.swift */ = {isa = PBXFileReference; lastKnownFileType = sourcecode.swift; path = ContentView.swift; sourceTree = "<group>"; };
		103 /* ADSBModels.swift */ = {isa = PBXFileReference; lastKnownFileType = sourcecode.swift; path = ADSBModels.swift; sourceTree = "<group>"; };
		104 /* SystemModels.swift */ = {isa = PBXFileReference; lastKnownFileType = sourcecode.swift; path = SystemModels.swift; sourceTree = "<group>"; };
		105 /* RadioModels.swift */ = {isa = PBXFileReference; lastKnownFileType = sourcecode.swift; path = RadioModels.swift; sourceTree = "<group>"; };
		106 /* WeatherModels.swift */ = {isa = PBXFileReference; lastKnownFileType = sourcecode.swift; path = WeatherModels.swift; sourceTree = "<group>"; };
		107 /* SatelliteModels.swift */ = {isa = PBXFileReference; lastKnownFileType = sourcecode.swift; path = SatelliteModels.swift; sourceTree = "<group>"; };
		108 /* APIService.swift */ = {isa = PBXFileReference; lastKnownFileType = sourcecode.swift; path = APIService.swift; sourceTree = "<group>"; };
		109 /* AudioPlayer.swift */ = {isa = PBXFileReference; lastKnownFileType = sourcecode.swift; path = AudioPlayer.swift; sourceTree = "<group>"; };
		110 /* AppState.swift */ = {isa = PBXFileReference; lastKnownFileType = sourcecode.swift; path = AppState.swift; sourceTree = "<group>"; };
		111 /* ADSBView.swift */ = {isa = PBXFileReference; lastKnownFileType = sourcecode.swift; path = ADSBView.swift; sourceTree = "<group>"; };
		112 /* SystemView.swift */ = {isa = PBXFileReference; lastKnownFileType = sourcecode.swift; path = SystemView.swift; sourceTree = "<group>"; };
		113 /* RadioView.swift */ = {isa = PBXFileReference; lastKnownFileType = sourcecode.swift; path = RadioView.swift; sourceTree = "<group>"; };
		114 /* WeatherView.swift */ = {isa = PBXFileReference; lastKnownFileType = sourcecode.swift; path = WeatherView.swift; sourceTree = "<group>"; };
		115 /* SatelliteView.swift */ = {isa = PBXFileReference; lastKnownFileType = sourcecode.swift; path = SatelliteView.swift; sourceTree = "<group>"; };
		116 /* Assets.xcassets */ = {isa = PBXFileReference; lastKnownFileType = folder.assetcatalog; path = Assets.xcassets; sourceTree = "<group>"; };
		117 /* Info.plist */ = {isa = PBXFileReference; lastKnownFileType = text.plist.xml; path = Info.plist; sourceTree = "<group>"; };
		118 /* AircraftMapView.swift */ = {isa = PBXFileReference; lastKnownFileType = sourcecode.swift; path = AircraftMapView.swift; sourceTree = "<group>"; };
		119 /* ACARSModels.swift */ = {isa = PBXFileReference; lastKnownFileType = sourcecode.swift; path = ACARSModels.swift; sourceTree = "<group>"; };
		120 /* ACARSView.swift */ = {isa = PBXFileReference; lastKnownFileType = sourcecode.swift; path = ACARSView.swift; sourceTree = "<group>"; };
		121 /* MapView.swift */ = {isa = PBXFileReference; lastKnownFileType = sourcecode.swift; path = MapView.swift; sourceTree = "<group>"; };
		122 /* PushNotificationManager.swift */ = {isa = PBXFileReference; lastKnownFileType = sourcecode.swift; path = PushNotificationManager.swift; sourceTree = "<group>"; };
		123 /* LocationManager.swift */ = {isa = PBXFileReference; lastKnownFileType = sourcecode.swift; path = LocationManager.swift; sourceTree = "<group>"; };
		124 /* RadarWebView.swift */ = {isa = PBXFileReference; lastKnownFileType = sourcecode.swift; path = RadarWebView.swift; sourceTree = "<group>"; };
		125 /* RadarHTML.swift */ = {isa = PBXFileReference; lastKnownFileType = sourcecode.swift; path = RadarHTML.swift; sourceTree = "<group>"; };
		126 /* SystemExtrasModels.swift */ = {isa = PBXFileReference; lastKnownFileType = sourcecode.swift; path = SystemExtrasModels.swift; sourceTree = "<group>"; };
		127 /* InfraView.swift */ = {isa = PBXFileReference; lastKnownFileType = sourcecode.swift; path = InfraView.swift; sourceTree = "<group>"; };
		128 /* RadarSplashOverlay.swift */ = {isa = PBXFileReference; lastKnownFileType = sourcecode.swift; path = RadarSplashOverlay.swift; sourceTree = "<group>"; };
		129 /* RadarSplashSwiftUI.swift */ = {isa = PBXFileReference; lastKnownFileType = sourcecode.swift; path = RadarSplashSwiftUI.swift; sourceTree = "<group>"; };
		130 /* LaunchScreen.storyboard */ = {isa = PBXFileReference; lastKnownFileType = file.storyboard; path = LaunchScreen.storyboard; sourceTree = "<group>"; };
		131 /* NotificationModels.swift */ = {isa = PBXFileReference; lastKnownFileType = sourcecode.swift; path = NotificationModels.swift; sourceTree = "<group>"; };
		132 /* NotificationFeedManager.swift */ = {isa = PBXFileReference; lastKnownFileType = sourcecode.swift; path = NotificationFeedManager.swift; sourceTree = "<group>"; };
		133 /* Formatters.swift */ = {isa = PBXFileReference; lastKnownFileType = sourcecode.swift; path = Formatters.swift; sourceTree = "<group>"; };
		134 /* OpenMeteoModels.swift */ = {isa = PBXFileReference; lastKnownFileType = sourcecode.swift; path = OpenMeteoModels.swift; sourceTree = "<group>"; };
		135 /* LabIntents.swift */ = {isa = PBXFileReference; lastKnownFileType = sourcecode.swift; path = LabIntents.swift; sourceTree = "<group>"; };
		136 /* LabShortcuts.swift */ = {isa = PBXFileReference; lastKnownFileType = sourcecode.swift; path = LabShortcuts.swift; sourceTree = "<group>"; };
		137 /* AviationStackModels.swift */ = {isa = PBXFileReference; lastKnownFileType = sourcecode.swift; path = AviationStackModels.swift; sourceTree = "<group>"; };
		138 /* WidgetDataManager.swift */ = {isa = PBXFileReference; lastKnownFileType = sourcecode.swift; path = WidgetDataManager.swift; sourceTree = "<group>"; };
		139 /* AnalyticsModels.swift */ = {isa = PBXFileReference; lastKnownFileType = sourcecode.swift; path = AnalyticsModels.swift; sourceTree = "<group>"; };
		140 /* iPadSplitView.swift */ = {isa = PBXFileReference; lastKnownFileType = sourcecode.swift; path = iPadSplitView.swift; sourceTree = "<group>"; };
		141 /* EnhancedContentView.swift */ = {isa = PBXFileReference; lastKnownFileType = sourcecode.swift; path = EnhancedContentView.swift; sourceTree = "<group>"; };
		142 /* ThemeManagerView.swift */ = {isa = PBXFileReference; lastKnownFileType = sourcecode.swift; path = ThemeManagerView.swift; sourceTree = "<group>"; };
		144 /* AnalyticsView.swift */ = {isa = PBXFileReference; lastKnownFileType = sourcecode.swift; path = AnalyticsView.swift; sourceTree = "<group>"; };
		145 /* AlertsView.swift */ = {isa = PBXFileReference; lastKnownFileType = sourcecode.swift; path = AlertsView.swift; sourceTree = "<group>"; };
		146 /* FlightSearchView.swift */ = {isa = PBXFileReference; lastKnownFileType = sourcecode.swift; path = FlightSearchView.swift; sourceTree = "<group>"; };
		148 /* DataExportView.swift */ = {isa = PBXFileReference; lastKnownFileType = sourcecode.swift; path = DataExportView.swift; sourceTree = "<group>"; };
		149 /* RemoteControlView.swift */ = {isa = PBXFileReference; lastKnownFileType = sourcecode.swift; path = RemoteControlView.swift; sourceTree = "<group>"; };
		150 /* ContainerLogsView.swift */ = {isa = PBXFileReference; lastKnownFileType = sourcecode.swift; path = ContainerLogsView.swift; sourceTree = "<group>"; };
		151 /* HealthCheckView.swift */ = {isa = PBXFileReference; lastKnownFileType = sourcecode.swift; path = HealthCheckView.swift; sourceTree = "<group>"; };
		152 /* StatCard.swift */ = {isa = PBXFileReference; lastKnownFileType = sourcecode.swift; path = StatCard.swift; sourceTree = "<group>"; };
		153 /* FirestickModels.swift */ = {isa = PBXFileReference; lastKnownFileType = sourcecode.swift; path = FirestickModels.swift; sourceTree = "<group>"; };
		F703A8BA2F40352B007B6FD3 /* MeuLabNotificationService.appex */ = {isa = PBXFileReference; explicitFileType = "wrapper.app-extension"; includeInIndex = 0; path = MeuLabNotificationService.appex; sourceTree = BUILT_PRODUCTS_DIR; };
		F71A10232F2FB5780048CED8 /* WatchRadioView.swift */ = {isa = PBXFileReference; lastKnownFileType = sourcecode.swift; path = WatchRadioView.swift; sourceTree = "<group>"; };
		F71E1C3F2F11A10C00728C53 /* MeuLabApp.entitlements */ = {isa = PBXFileReference; lastKnownFileType = text.plist.entitlements; path = MeuLabApp.entitlements; sourceTree = "<group>"; };
		F762D6282F44164400D6BA3B /* OpenSkyService.swift */ = {isa = PBXFileReference; lastKnownFileType = sourcecode.swift; path = OpenSkyService.swift; sourceTree = "<group>"; };
		F76A68C12F19CBB80081D8D9 /* BinaryCache.swift */ = {isa = PBXFileReference; lastKnownFileType = sourcecode.swift; path = BinaryCache.swift; sourceTree = "<group>"; };
		F795720D2F1347AB0058B81B /* MeuLabWidgetsExtension.appex */ = {isa = PBXFileReference; explicitFileType = "wrapper.app-extension"; includeInIndex = 0; path = MeuLabWidgetsExtension.appex; sourceTree = BUILT_PRODUCTS_DIR; };
		F795720F2F1347AB0058B81B /* WidgetKit.framework */ = {isa = PBXFileReference; lastKnownFileType = wrapper.framework; name = WidgetKit.framework; path = System/Library/Frameworks/WidgetKit.framework; sourceTree = SDKROOT; };
		F79572112F1347AB0058B81B /* SwiftUI.framework */ = {isa = PBXFileReference; lastKnownFileType = wrapper.framework; name = SwiftUI.framework; path = System/Library/Frameworks/SwiftUI.framework; sourceTree = SDKROOT; };
		F7CE38A82F14AF0B00EF7A25 /* EnhancedWatchContentView.swift */ = {isa = PBXFileReference; lastKnownFileType = sourcecode.swift; path = EnhancedWatchContentView.swift; sourceTree = "<group>"; };
		F7CE39012F14BDBA00EF7A25 /* SatellitePassPredictor.swift */ = {isa = PBXFileReference; lastKnownFileType = sourcecode.swift; path = SatellitePassPredictor.swift; sourceTree = "<group>"; };
		F7E628E82F1430BA00763B43 /* LegacyRadarWebViewStore.swift */ = {isa = PBXFileReference; lastKnownFileType = sourcecode.swift; path = LegacyRadarWebViewStore.swift; sourceTree = "<group>"; };
		F7E628EA2F1448E000763B43 /* LocalNowPlayingFetcher.swift */ = {isa = PBXFileReference; lastKnownFileType = sourcecode.swift; path = LocalNowPlayingFetcher.swift; sourceTree = "<group>"; };
		W100 /* MeuLabWatch.app */ = {isa = PBXFileReference; explicitFileType = wrapper.application; includeInIndex = 0; path = MeuLabWatch.app; sourceTree = BUILT_PRODUCTS_DIR; };
		W101 /* MeuLabWatchApp.swift */ = {isa = PBXFileReference; lastKnownFileType = sourcecode.swift; path = MeuLabWatchApp.swift; sourceTree = "<group>"; };
		W102 /* ContentView.swift */ = {isa = PBXFileReference; lastKnownFileType = sourcecode.swift; path = ContentView.swift; sourceTree = "<group>"; };
		W103 /* HomeView.swift */ = {isa = PBXFileReference; lastKnownFileType = sourcecode.swift; path = HomeView.swift; sourceTree = "<group>"; };
		W104 /* AlertsView.swift */ = {isa = PBXFileReference; lastKnownFileType = sourcecode.swift; path = AlertsView.swift; sourceTree = "<group>"; };
		W105 /* WatchADSBView.swift */ = {isa = PBXFileReference; lastKnownFileType = sourcecode.swift; path = WatchADSBView.swift; sourceTree = "<group>"; };
		W106 /* WatchACARSView.swift */ = {isa = PBXFileReference; lastKnownFileType = sourcecode.swift; path = WatchACARSView.swift; sourceTree = "<group>"; };
		W107 /* WatchSystemView.swift */ = {isa = PBXFileReference; lastKnownFileType = sourcecode.swift; path = WatchSystemView.swift; sourceTree = "<group>"; };
		W108 /* WatchInfraView.swift */ = {isa = PBXFileReference; lastKnownFileType = sourcecode.swift; path = WatchInfraView.swift; sourceTree = "<group>"; };
		W109 /* WatchWeatherView.swift */ = {isa = PBXFileReference; lastKnownFileType = sourcecode.swift; path = WatchWeatherView.swift; sourceTree = "<group>"; };
		W110 /* WatchSatDumpView.swift */ = {isa = PBXFileReference; lastKnownFileType = sourcecode.swift; path = WatchSatDumpView.swift; sourceTree = "<group>"; };
		W111 /* Assets.xcassets */ = {isa = PBXFileReference; lastKnownFileType = folder.assetcatalog; path = Assets.xcassets; sourceTree = "<group>"; };
		W112 /* Info.plist */ = {isa = PBXFileReference; lastKnownFileType = text.plist.xml; path = Info.plist; sourceTree = "<group>"; };
		W113 /* WatchAPIService.swift */ = {isa = PBXFileReference; lastKnownFileType = sourcecode.swift; path = WatchAPIService.swift; sourceTree = "<group>"; };
		W114 /* WatchModels.swift */ = {isa = PBXFileReference; lastKnownFileType = sourcecode.swift; path = WatchModels.swift; sourceTree = "<group>"; };
/* End PBXFileReference section */

/* Begin PBXFileSystemSynchronizedBuildFileExceptionSet section */
		F703A8C42F40352B007B6FD3 /* PBXFileSystemSynchronizedBuildFileExceptionSet */ = {
			isa = PBXFileSystemSynchronizedBuildFileExceptionSet;
			membershipExceptions = (
				Info.plist,
			);
			target = F703A8B92F40352B007B6FD3 /* MeuLabNotificationService */;
		};
		F79572242F1347AC0058B81B /* PBXFileSystemSynchronizedBuildFileExceptionSet */ = {
			isa = PBXFileSystemSynchronizedBuildFileExceptionSet;
			membershipExceptions = (
				Info.plist,
			);
			target = F795720C2F1347AB0058B81B /* MeuLabWidgetsExtension */;
		};
/* End PBXFileSystemSynchronizedBuildFileExceptionSet section */

/* Begin PBXFileSystemSynchronizedRootGroup section */
		F703A8BB2F40352B007B6FD3 /* MeuLabNotificationService */ = {isa = PBXFileSystemSynchronizedRootGroup; exceptions = (F703A8C42F40352B007B6FD3 /* PBXFileSystemSynchronizedBuildFileExceptionSet */, ); explicitFileTypes = {}; explicitFolders = (); path = MeuLabNotificationService; sourceTree = "<group>"; };
		F79572132F1347AB0058B81B /* MeuLabWidgets */ = {isa = PBXFileSystemSynchronizedRootGroup; exceptions = (F79572242F1347AC0058B81B /* PBXFileSystemSynchronizedBuildFileExceptionSet */, ); explicitFileTypes = {}; explicitFolders = (); path = MeuLabWidgets; sourceTree = "<group>"; };
/* End PBXFileSystemSynchronizedRootGroup section */

/* Begin PBXFrameworksBuildPhase section */
		200 /* Frameworks */ = {
			isa = PBXFrameworksBuildPhase;
			buildActionMask = 2147483647;
			files = (
			);
			runOnlyForDeploymentPostprocessing = 0;
		};
		F703A8B72F40352B007B6FD3 /* Frameworks */ = {
			isa = PBXFrameworksBuildPhase;
			buildActionMask = 2147483647;
			files = (
			);
			runOnlyForDeploymentPostprocessing = 0;
		};
		F795720A2F1347AB0058B81B /* Frameworks */ = {
			isa = PBXFrameworksBuildPhase;
			buildActionMask = 2147483647;
			files = (
				F79572122F1347AB0058B81B /* SwiftUI.framework in Frameworks */,
				F79572102F1347AB0058B81B /* WidgetKit.framework in Frameworks */,
			);
			runOnlyForDeploymentPostprocessing = 0;
		};
		W201 /* Frameworks */ = {
			isa = PBXFrameworksBuildPhase;
			buildActionMask = 2147483647;
			files = (
			);
			runOnlyForDeploymentPostprocessing = 0;
		};
/* End PBXFrameworksBuildPhase section */

/* Begin PBXGroup section */
		300 = {
			isa = PBXGroup;
			children = (
				301 /* MeuLabApp */,
				W301 /* MeuLabWatch */,
				F79572132F1347AB0058B81B /* MeuLabWidgets */,
				F703A8BB2F40352B007B6FD3 /* MeuLabNotificationService */,
				F795720E2F1347AB0058B81B /* Frameworks */,
				302 /* Products */,
			);
			sourceTree = "<group>";
		};
		301 /* MeuLabApp */ = {
			isa = PBXGroup;
			children = (
				F71E1C3F2F11A10C00728C53 /* MeuLabApp.entitlements */,
				101 /* MeuLabApp.swift */,
				102 /* ContentView.swift */,
				140 /* iPadSplitView.swift */,
				141 /* EnhancedContentView.swift */,
				117 /* Info.plist */,
				303 /* Models */,
				304 /* Services */,
				305 /* ViewModels */,
				306 /* Views */,
				310 /* Intents */,
				307 /* Resources */,
			);
			path = MeuLabApp;
			sourceTree = "<group>";
		};
		302 /* Products */ = {
			isa = PBXGroup;
			children = (
				100 /* MeuLabApp.app */,
				W100 /* MeuLabWatch.app */,
				F795720D2F1347AB0058B81B /* MeuLabWidgetsExtension.appex */,
				F703A8BA2F40352B007B6FD3 /* MeuLabNotificationService.appex */,
			);
			name = Products;
			sourceTree = "<group>";
		};
		303 /* Models */ = {
			isa = PBXGroup;
			children = (
				103 /* ADSBModels.swift */,
				119 /* ACARSModels.swift */,
				104 /* SystemModels.swift */,
				126 /* SystemExtrasModels.swift */,
				153 /* FirestickModels.swift */,
				131 /* NotificationModels.swift */,
				105 /* RadioModels.swift */,
				106 /* WeatherModels.swift */,
				107 /* SatelliteModels.swift */,
				134 /* OpenMeteoModels.swift */,
				137 /* AviationStackModels.swift */,
				139 /* AnalyticsModels.swift */,
			);
			path = Models;
			sourceTree = "<group>";
		};
		304 /* Services */ = {
			isa = PBXGroup;
			children = (
				108 /* APIService.swift */,
				109 /* AudioPlayer.swift */,
				122 /* PushNotificationManager.swift */,
				123 /* LocationManager.swift */,
				132 /* NotificationFeedManager.swift */,
				133 /* Formatters.swift */,
				138 /* WidgetDataManager.swift */,
			);
			path = Services;
			sourceTree = "<group>";
		};
		305 /* ViewModels */ = {
			isa = PBXGroup;
			children = (
				110 /* AppState.swift */,
				F7E628EA2F1448E000763B43 /* LocalNowPlayingFetcher.swift */,
				F762D6282F44164400D6BA3B /* OpenSkyService.swift */,
			);
			path = ViewModels;
			sourceTree = "<group>";
		};
		306 /* Views */ = {
			isa = PBXGroup;
			children = (
				308 /* Tabs */,
				309 /* Components */,
				311 /* Settings */,
			);
			path = Views;
			sourceTree = "<group>";
		};
		307 /* Resources */ = {
			isa = PBXGroup;
			children = (
				116 /* Assets.xcassets */,
				130 /* LaunchScreen.storyboard */,
			);
			path = Resources;
			sourceTree = "<group>";
		};
		308 /* Tabs */ = {
			isa = PBXGroup;
			children = (
				111 /* ADSBView.swift */,
				120 /* ACARSView.swift */,
				112 /* SystemView.swift */,
				127 /* InfraView.swift */,
				113 /* RadioView.swift */,
				114 /* WeatherView.swift */,
				115 /* SatelliteView.swift */,
				144 /* AnalyticsView.swift */,
				145 /* AlertsView.swift */,
				146 /* FlightSearchView.swift */,
				148 /* DataExportView.swift */,
				149 /* RemoteControlView.swift */,
				150 /* ContainerLogsView.swift */,
				151 /* HealthCheckView.swift */,
				F7CE39012F14BDBA00EF7A25 /* SatellitePassPredictor.swift */,
				F76A68C12F19CBB80081D8D9 /* BinaryCache.swift */,
			);
			path = Tabs;
			sourceTree = "<group>";
		};
		309 /* Components */ = {
			isa = PBXGroup;
			children = (
				118 /* AircraftMapView.swift */,
				121 /* MapView.swift */,
				124 /* RadarWebView.swift */,
				125 /* RadarHTML.swift */,
				128 /* RadarSplashOverlay.swift */,
				129 /* RadarSplashSwiftUI.swift */,
				F7E628E82F1430BA00763B43 /* LegacyRadarWebViewStore.swift */,
				152 /* StatCard.swift */,
			);
			path = Components;
			sourceTree = "<group>";
		};
		310 /* Intents */ = {
			isa = PBXGroup;
			children = (
				135 /* LabIntents.swift */,
				136 /* LabShortcuts.swift */,
			);
			path = Intents;
			sourceTree = "<group>";
		};
		311 /* Settings */ = {
			isa = PBXGroup;
			children = (
				142 /* ThemeManagerView.swift */,
			);
			path = Settings;
			sourceTree = "<group>";
		};
		F795720E2F1347AB0058B81B /* Frameworks */ = {
			isa = PBXGroup;
			children = (
				F795720F2F1347AB0058B81B /* WidgetKit.framework */,
				F79572112F1347AB0058B81B /* SwiftUI.framework */,
			);
			name = Frameworks;
			sourceTree = "<group>";
		};
		W301 /* MeuLabWatch */ = {
			isa = PBXGroup;
			children = (
				W101 /* MeuLabWatchApp.swift */,
				W102 /* ContentView.swift */,
				W112 /* Info.plist */,
				W111 /* Assets.xcassets */,
				W302 /* Views */,
				W303 /* Services */,
				W304 /* Models */,
				F7CE38A82F14AF0B00EF7A25 /* EnhancedWatchContentView.swift */,
				F71A10232F2FB5780048CED8 /* WatchRadioView.swift */,
			);
			path = MeuLabWatch;
			sourceTree = "<group>";
		};
		W302 /* Views */ = {
			isa = PBXGroup;
			children = (
				W103 /* HomeView.swift */,
				W104 /* AlertsView.swift */,
				W105 /* WatchADSBView.swift */,
				W106 /* WatchACARSView.swift */,
				W107 /* WatchSystemView.swift */,
				W108 /* WatchInfraView.swift */,
				W109 /* WatchWeatherView.swift */,
				W110 /* WatchSatDumpView.swift */,
			);
			path = Views;
			sourceTree = "<group>";
		};
		W303 /* Services */ = {
			isa = PBXGroup;
			children = (
				W113 /* WatchAPIService.swift */,
			);
			path = Services;
			sourceTree = "<group>";
		};
		W304 /* Models */ = {
			isa = PBXGroup;
			children = (
				W114 /* WatchModels.swift */,
			);
			path = Models;
			sourceTree = "<group>";
		};
/* End PBXGroup section */

/* Begin PBXNativeTarget section */
		400 /* MeuLabApp */ = {
			isa = PBXNativeTarget;
			buildConfigurationList = 500 /* Build configuration list for PBXNativeTarget "MeuLabApp" */;
			buildPhases = (
				401 /* Sources */,
				200 /* Frameworks */,
				402 /* Resources */,
				W300 /* Embed Watch Content */,
				F79572282F1347AC0058B81B /* Embed Foundation Extensions */,
			);
			buildRules = (
			);
			dependencies = (
				W401 /* PBXTargetDependency */,
				F79572222F1347AC0058B81B /* PBXTargetDependency */,
				F703A8C02F40352B007B6FD3 /* PBXTargetDependency */,
			);
			name = MeuLabApp;
			productName = MeuLabApp;
			productReference = 100 /* MeuLabApp.app */;
			productType = "com.apple.product-type.application";
		};
		F703A8B92F40352B007B6FD3 /* MeuLabNotificationService */ = {
			isa = PBXNativeTarget;
			buildConfigurationList = F703A8C52F40352B007B6FD3 /* Build configuration list for PBXNativeTarget "MeuLabNotificationService" */;
			buildPhases = (
				F703A8B62F40352B007B6FD3 /* Sources */,
				F703A8B72F40352B007B6FD3 /* Frameworks */,
				F703A8B82F40352B007B6FD3 /* Resources */,
			);
			buildRules = (
			);
			dependencies = (
			);
			fileSystemSynchronizedGroups = (
				F703A8BB2F40352B007B6FD3 /* MeuLabNotificationService */,
			);
			name = MeuLabNotificationService;
			packageProductDependencies = (
			);
			productName = MeuLabNotificationService;
			productReference = F703A8BA2F40352B007B6FD3 /* MeuLabNotificationService.appex */;
			productType = "com.apple.product-type.app-extension";
		};
		F795720C2F1347AB0058B81B /* MeuLabWidgetsExtension */ = {
			isa = PBXNativeTarget;
			buildConfigurationList = F79572252F1347AC0058B81B /* Build configuration list for PBXNativeTarget "MeuLabWidgetsExtension" */;
			buildPhases = (
				F79572092F1347AB0058B81B /* Sources */,
				F795720A2F1347AB0058B81B /* Frameworks */,
				F795720B2F1347AB0058B81B /* Resources */,
			);
			buildRules = (
			);
			dependencies = (
			);
			fileSystemSynchronizedGroups = (
				F79572132F1347AB0058B81B /* MeuLabWidgets */,
			);
			name = MeuLabWidgetsExtension;
			packageProductDependencies = (
			);
			productName = MeuLabWidgetsExtension;
			productReference = F795720D2F1347AB0058B81B /* MeuLabWidgetsExtension.appex */;
			productType = "com.apple.product-type.app-extension";
		};
		W400 /* MeuLabWatch */ = {
			isa = PBXNativeTarget;
			buildConfigurationList = W500 /* Build configuration list for PBXNativeTarget "MeuLabWatch" */;
			buildPhases = (
				W402 /* Sources */,
				W201 /* Frameworks */,
				W403 /* Resources */,
			);
			buildRules = (
			);
			dependencies = (
			);
			name = MeuLabWatch;
			productName = MeuLabWatch;
			productReference = W100 /* MeuLabWatch.app */;
			productType = "com.apple.product-type.application";
		};
/* End PBXNativeTarget section */

/* Begin PBXProject section */
		600 /* Project object */ = {
			isa = PBXProject;
			attributes = {
				BuildIndependentTargetsInParallel = 1;
				LastSwiftUpdateCheck = 2620;
				LastUpgradeCheck = 2620;
				TargetAttributes = {
					400 = {
						CreatedOnToolsVersion = 15.0;
					};
					F703A8B92F40352B007B6FD3 = {
						CreatedOnToolsVersion = 26.2;
					};
					F795720C2F1347AB0058B81B = {
						CreatedOnToolsVersion = 26.2;
					};
					W400 = {
						CreatedOnToolsVersion = 15.0;
					};
				};
			};
			buildConfigurationList = 601 /* Build configuration list for PBXProject "MeuLabApp" */;
			compatibilityVersion = "Xcode 14.0";
			developmentRegion = "pt-BR";
			hasScannedForEncodings = 0;
			knownRegions = (
				en,
				Base,
				"pt-BR",
			);
			mainGroup = 300;
			productRefGroup = 302 /* Products */;
			projectDirPath = "";
			projectRoot = "";
			targets = (
				400 /* MeuLabApp */,
				W400 /* MeuLabWatch */,
				F795720C2F1347AB0058B81B /* MeuLabWidgetsExtension */,
				F703A8B92F40352B007B6FD3 /* MeuLabNotificationService */,
			);
		};
/* End PBXProject section */

/* Begin PBXResourcesBuildPhase section */
		402 /* Resources */ = {
			isa = PBXResourcesBuildPhase;
			buildActionMask = 2147483647;
			files = (
				F7E628DE2F142B7100763B43 /* Assets.xcassets in Resources */,
				029 /* LaunchScreen.storyboard in Resources */,
			);
			runOnlyForDeploymentPostprocessing = 0;
		};
		F703A8B82F40352B007B6FD3 /* Resources */ = {
			isa = PBXResourcesBuildPhase;
			buildActionMask = 2147483647;
			files = (
			);
			runOnlyForDeploymentPostprocessing = 0;
		};
		F795720B2F1347AB0058B81B /* Resources */ = {
			isa = PBXResourcesBuildPhase;
			buildActionMask = 2147483647;
			files = (
				016 /* Assets.xcassets in Resources */,
			);
			runOnlyForDeploymentPostprocessing = 0;
		};
		W403 /* Resources */ = {
			isa = PBXResourcesBuildPhase;
			buildActionMask = 2147483647;
			files = (
				W011 /* Assets.xcassets in Resources */,
			);
			runOnlyForDeploymentPostprocessing = 0;
		};
/* End PBXResourcesBuildPhase section */

/* Begin PBXSourcesBuildPhase section */
		401 /* Sources */ = {
			isa = PBXSourcesBuildPhase;
			buildActionMask = 2147483647;
			files = (
				001 /* MeuLabApp.swift in Sources */,
				002 /* ContentView.swift in Sources */,
				F7E628EB2F1448E000763B43 /* LocalNowPlayingFetcher.swift in Sources */,
				003 /* ADSBModels.swift in Sources */,
				004 /* SystemModels.swift in Sources */,
				052 /* FirestickModels.swift in Sources */,
				F76A68C22F19CBB90081D8D9 /* BinaryCache.swift in Sources */,
				005 /* RadioModels.swift in Sources */,
				006 /* WeatherModels.swift in Sources */,
				007 /* SatelliteModels.swift in Sources */,
				008 /* APIService.swift in Sources */,
				009 /* AudioPlayer.swift in Sources */,
				010 /* AppState.swift in Sources */,
				011 /* ADSBView.swift in Sources */,
				012 /* SystemView.swift in Sources */,
				013 /* RadioView.swift in Sources */,
				014 /* WeatherView.swift in Sources */,
				015 /* SatelliteView.swift in Sources */,
				017 /* AircraftMapView.swift in Sources */,
				F7CE39022F14BDBA00EF7A25 /* SatellitePassPredictor.swift in Sources */,
				018 /* ACARSModels.swift in Sources */,
				019 /* ACARSView.swift in Sources */,
				F762D6292F44164400D6BA3B /* OpenSkyService.swift in Sources */,
				020 /* MapView.swift in Sources */,
				021 /* PushNotificationManager.swift in Sources */,
				022 /* LocationManager.swift in Sources */,
				023 /* RadarWebView.swift in Sources */,
				024 /* RadarHTML.swift in Sources */,
				025 /* SystemExtrasModels.swift in Sources */,
				026 /* InfraView.swift in Sources */,
				027 /* RadarSplashOverlay.swift in Sources */,
				F7E628E92F1430BA00763B43 /* LegacyRadarWebViewStore.swift in Sources */,
				028 /* RadarSplashSwiftUI.swift in Sources */,
				030 /* NotificationModels.swift in Sources */,
				031 /* NotificationFeedManager.swift in Sources */,
				032 /* Formatters.swift in Sources */,
				033 /* OpenMeteoModels.swift in Sources */,
				034 /* LabIntents.swift in Sources */,
				035 /* LabShortcuts.swift in Sources */,
				036 /* AviationStackModels.swift in Sources */,
				037 /* WidgetDataManager.swift in Sources */,
				038 /* AnalyticsModels.swift in Sources */,
				039 /* iPadSplitView.swift in Sources */,
				040 /* EnhancedContentView.swift in Sources */,
				041 /* ThemeManagerView.swift in Sources */,
				043 /* AnalyticsView.swift in Sources */,
				044 /* AlertsView.swift in Sources */,
				045 /* FlightSearchView.swift in Sources */,
				047 /* DataExportView.swift in Sources */,
				048 /* RemoteControlView.swift in Sources */,
				049 /* ContainerLogsView.swift in Sources */,
				050 /* HealthCheckView.swift in Sources */,
				051 /* StatCard.swift in Sources */,
			);
			runOnlyForDeploymentPostprocessing = 0;
		};
		F703A8B62F40352B007B6FD3 /* Sources */ = {
			isa = PBXSourcesBuildPhase;
			buildActionMask = 2147483647;
			files = (
			);
			runOnlyForDeploymentPostprocessing = 0;
		};
		F79572092F1347AB0058B81B /* Sources */ = {
			isa = PBXSourcesBuildPhase;
			buildActionMask = 2147483647;
			files = (
			);
			runOnlyForDeploymentPostprocessing = 0;
		};
		W402 /* Sources */ = {
			isa = PBXSourcesBuildPhase;
			buildActionMask = 2147483647;
			files = (
				F71A10242F2FB5780048CED8 /* WatchRadioView.swift in Sources */,
				W001 /* MeuLabWatchApp.swift in Sources */,
				W002 /* ContentView.swift in Sources */,
				W003 /* HomeView.swift in Sources */,
				F7CE38A92F14AF0B00EF7A25 /* EnhancedWatchContentView.swift in Sources */,
				W004 /* AlertsView.swift in Sources */,
				W005 /* WatchADSBView.swift in Sources */,
				W006 /* WatchACARSView.swift in Sources */,
				W007 /* WatchSystemView.swift in Sources */,
				W008 /* WatchInfraView.swift in Sources */,
				W009 /* WatchWeatherView.swift in Sources */,
				W010 /* WatchSatDumpView.swift in Sources */,
				W013 /* WatchAPIService.swift in Sources */,
				W014 /* WatchModels.swift in Sources */,
			);
			runOnlyForDeploymentPostprocessing = 0;
		};
/* End PBXSourcesBuildPhase section */

/* Begin PBXTargetDependency section */
		F703A8C02F40352B007B6FD3 /* PBXTargetDependency */ = {
			isa = PBXTargetDependency;
			target = F703A8B92F40352B007B6FD3 /* MeuLabNotificationService */;
			targetProxy = F703A8BF2F40352B007B6FD3 /* PBXContainerItemProxy */;
		};
		F79572222F1347AC0058B81B /* PBXTargetDependency */ = {
			isa = PBXTargetDependency;
			target = F795720C2F1347AB0058B81B /* MeuLabWidgetsExtension */;
			targetProxy = F79572212F1347AC0058B81B /* PBXContainerItemProxy */;
		};
		W401 /* PBXTargetDependency */ = {
			isa = PBXTargetDependency;
			target = W400 /* MeuLabWatch */;
			targetProxy = W200 /* PBXContainerItemProxy */;
		};
/* End PBXTargetDependency section */

/* Begin XCBuildConfiguration section */
		700 /* Debug */ = {
			isa = XCBuildConfiguration;
			buildSettings = {
				ALWAYS_SEARCH_USER_PATHS = NO;
				ASSETCATALOG_COMPILER_GENERATE_SWIFT_ASSET_SYMBOL_EXTENSIONS = YES;
				CLANG_ANALYZER_LOCALIZABILITY_NONLOCALIZED = YES;
				CLANG_ANALYZER_NONNULL = YES;
				CLANG_ANALYZER_NUMBER_OBJECT_CONVERSION = YES_AGGRESSIVE;
				CLANG_CXX_LANGUAGE_STANDARD = "gnu++20";
				CLANG_ENABLE_MODULES = YES;
				CLANG_ENABLE_OBJC_ARC = YES;
				CLANG_ENABLE_OBJC_WEAK = YES;
				CLANG_WARN_BLOCK_CAPTURE_AUTORELEASING = YES;
				CLANG_WARN_BOOL_CONVERSION = YES;
				CLANG_WARN_COMMA = YES;
				CLANG_WARN_CONSTANT_CONVERSION = YES;
				CLANG_WARN_DEPRECATED_OBJC_IMPLEMENTATIONS = YES;
				CLANG_WARN_DIRECT_OBJC_ISA_USAGE = YES_ERROR;
				CLANG_WARN_DOCUMENTATION_COMMENTS = YES;
				CLANG_WARN_EMPTY_BODY = YES;
				CLANG_WARN_ENUM_CONVERSION = YES;
				CLANG_WARN_INFINITE_RECURSION = YES;
				CLANG_WARN_INT_CONVERSION = YES;
				CLANG_WARN_NON_LITERAL_NULL_CONVERSION = YES;
				CLANG_WARN_OBJC_IMPLICIT_RETAIN_SELF = YES;
				CLANG_WARN_OBJC_LITERAL_CONVERSION = YES;
				CLANG_WARN_OBJC_ROOT_CLASS = YES_ERROR;
				CLANG_WARN_QUOTED_INCLUDE_IN_FRAMEWORK_HEADER = YES;
				CLANG_WARN_RANGE_LOOP_ANALYSIS = YES;
				CLANG_WARN_STRICT_PROTOTYPES = YES;
				CLANG_WARN_SUSPICIOUS_MOVE = YES;
				CLANG_WARN_UNGUARDED_AVAILABILITY = YES_AGGRESSIVE;
				CLANG_WARN_UNREACHABLE_CODE = YES;
				CLANG_WARN__DUPLICATE_METHOD_MATCH = YES;
				COPY_PHASE_STRIP = NO;
				DEBUG_INFORMATION_FORMAT = dwarf;
				DEVELOPMENT_TEAM = 7KGNMD6RBY;
				ENABLE_STRICT_OBJC_MSGSEND = YES;
				ENABLE_TESTABILITY = YES;
				ENABLE_USER_SCRIPT_SANDBOXING = YES;
				GCC_C_LANGUAGE_STANDARD = gnu17;
				GCC_DYNAMIC_NO_PIC = NO;
				GCC_NO_COMMON_BLOCKS = YES;
				GCC_OPTIMIZATION_LEVEL = 0;
				GCC_PREPROCESSOR_DEFINITIONS = (
					"DEBUG=1",
					"$(inherited)",
				);
				GCC_WARN_64_TO_32_BIT_CONVERSION = YES;
				GCC_WARN_ABOUT_RETURN_TYPE = YES_ERROR;
				GCC_WARN_UNDECLARED_SELECTOR = YES;
				GCC_WARN_UNINITIALIZED_AUTOS = YES_AGGRESSIVE;
				GCC_WARN_UNUSED_FUNCTION = YES;
				GCC_WARN_UNUSED_VARIABLE = YES;
				IPHONEOS_DEPLOYMENT_TARGET = 17.0;
				LOCALIZATION_PREFERS_STRING_CATALOGS = YES;
				MTL_ENABLE_DEBUG_INFO = INCLUDE_SOURCE;
				MTL_FAST_MATH = YES;
				ONLY_ACTIVE_ARCH = YES;
				SDKROOT = iphoneos;
				STRING_CATALOG_GENERATE_SYMBOLS = YES;
				SWIFT_ACTIVE_COMPILATION_CONDITIONS = "DEBUG $(inherited)";
				SWIFT_OPTIMIZATION_LEVEL = "-Onone";
				WATCHOS_DEPLOYMENT_TARGET = 10.0;
			};
			name = Debug;
		};
		701 /* Release */ = {
			isa = XCBuildConfiguration;
			buildSettings = {
				ALWAYS_SEARCH_USER_PATHS = NO;
				ASSETCATALOG_COMPILER_GENERATE_SWIFT_ASSET_SYMBOL_EXTENSIONS = YES;
				CLANG_ANALYZER_LOCALIZABILITY_NONLOCALIZED = YES;
				CLANG_ANALYZER_NONNULL = YES;
				CLANG_ANALYZER_NUMBER_OBJECT_CONVERSION = YES_AGGRESSIVE;
				CLANG_CXX_LANGUAGE_STANDARD = "gnu++20";
				CLANG_ENABLE_MODULES = YES;
				CLANG_ENABLE_OBJC_ARC = YES;
				CLANG_ENABLE_OBJC_WEAK = YES;
				CLANG_WARN_BLOCK_CAPTURE_AUTORELEASING = YES;
				CLANG_WARN_BOOL_CONVERSION = YES;
				CLANG_WARN_COMMA = YES;
				CLANG_WARN_CONSTANT_CONVERSION = YES;
				CLANG_WARN_DEPRECATED_OBJC_IMPLEMENTATIONS = YES;
				CLANG_WARN_DIRECT_OBJC_ISA_USAGE = YES_ERROR;
				CLANG_WARN_DOCUMENTATION_COMMENTS = YES;
				CLANG_WARN_EMPTY_BODY = YES;
				CLANG_WARN_ENUM_CONVERSION = YES;
				CLANG_WARN_INFINITE_RECURSION = YES;
				CLANG_WARN_INT_CONVERSION = YES;
				CLANG_WARN_NON_LITERAL_NULL_CONVERSION = YES;
				CLANG_WARN_OBJC_IMPLICIT_RETAIN_SELF = YES;
				CLANG_WARN_OBJC_LITERAL_CONVERSION = YES;
				CLANG_WARN_OBJC_ROOT_CLASS = YES_ERROR;
				CLANG_WARN_QUOTED_INCLUDE_IN_FRAMEWORK_HEADER = YES;
				CLANG_WARN_RANGE_LOOP_ANALYSIS = YES;
				CLANG_WARN_STRICT_PROTOTYPES = YES;
				CLANG_WARN_SUSPICIOUS_MOVE = YES;
				CLANG_WARN_UNGUARDED_AVAILABILITY = YES_AGGRESSIVE;
				CLANG_WARN_UNREACHABLE_CODE = YES;
				CLANG_WARN__DUPLICATE_METHOD_MATCH = YES;
				COPY_PHASE_STRIP = NO;
				DEBUG_INFORMATION_FORMAT = "dwarf-with-dsym";
				DEVELOPMENT_TEAM = 7KGNMD6RBY;
				ENABLE_NS_ASSERTIONS = NO;
				ENABLE_STRICT_OBJC_MSGSEND = YES;
				ENABLE_USER_SCRIPT_SANDBOXING = YES;
				GCC_C_LANGUAGE_STANDARD = gnu17;
				GCC_NO_COMMON_BLOCKS = YES;
				GCC_WARN_64_TO_32_BIT_CONVERSION = YES;
				GCC_WARN_ABOUT_RETURN_TYPE = YES_ERROR;
				GCC_WARN_UNDECLARED_SELECTOR = YES;
				GCC_WARN_UNINITIALIZED_AUTOS = YES_AGGRESSIVE;
				GCC_WARN_UNUSED_FUNCTION = YES;
				GCC_WARN_UNUSED_VARIABLE = YES;
				IPHONEOS_DEPLOYMENT_TARGET = 17.0;
				LOCALIZATION_PREFERS_STRING_CATALOGS = YES;
				MTL_ENABLE_DEBUG_INFO = NO;
				MTL_FAST_MATH = YES;
				SDKROOT = iphoneos;
				STRING_CATALOG_GENERATE_SYMBOLS = YES;
				SWIFT_COMPILATION_MODE = wholemodule;
				VALIDATE_PRODUCT = YES;
				WATCHOS_DEPLOYMENT_TARGET = 10.0;
			};
			name = Release;
		};
		702 /* Debug */ = {
			isa = XCBuildConfiguration;
			buildSettings = {
				ASSETCATALOG_COMPILER_APPICON_NAME = AppIcon;
				ASSETCATALOG_COMPILER_GLOBAL_ACCENT_COLOR_NAME = AccentColor;
				CODE_SIGN_ENTITLEMENTS = MeuLabApp/MeuLabApp.entitlements;
				CODE_SIGN_STYLE = Automatic;
				CURRENT_PROJECT_VERSION = 1;
				ENABLE_APP_SANDBOX = YES;
				ENABLE_HARDENED_RUNTIME = YES;
				ENABLE_INCOMING_NETWORK_CONNECTIONS = NO;
				ENABLE_OUTGOING_NETWORK_CONNECTIONS = YES;
				ENABLE_PREVIEWS = YES;
				ENABLE_RESOURCE_ACCESS_AUDIO_INPUT = NO;
				ENABLE_RESOURCE_ACCESS_BLUETOOTH = NO;
				ENABLE_RESOURCE_ACCESS_CALENDARS = NO;
				ENABLE_RESOURCE_ACCESS_CAMERA = NO;
				ENABLE_RESOURCE_ACCESS_CONTACTS = NO;
				ENABLE_RESOURCE_ACCESS_LOCATION = YES;
				ENABLE_RESOURCE_ACCESS_PHOTO_LIBRARY = YES;
				ENABLE_RESOURCE_ACCESS_PRINTING = NO;
				ENABLE_RESOURCE_ACCESS_USB = NO;
				GENERATE_INFOPLIST_FILE = YES;
				INFOPLIST_FILE = MeuLabApp/Info.plist;
				INFOPLIST_KEY_CFBundleDisplayName = MeuLab;
				INFOPLIST_KEY_UIApplicationSceneManifest_Generation = YES;
				INFOPLIST_KEY_UIApplicationSupportsIndirectInputEvents = YES;
				INFOPLIST_KEY_UILaunchScreen_Generation = YES;
				INFOPLIST_KEY_UISupportedInterfaceOrientations_iPad = "UIInterfaceOrientationPortrait UIInterfaceOrientationPortraitUpsideDown UIInterfaceOrientationLandscapeLeft UIInterfaceOrientationLandscapeRight";
				INFOPLIST_KEY_UISupportedInterfaceOrientations_iPhone = "UIInterfaceOrientationPortrait UIInterfaceOrientationLandscapeLeft UIInterfaceOrientationLandscapeRight";
				LD_RUNPATH_SEARCH_PATHS = (
					"$(inherited)",
					"@executable_path/Frameworks",
				);
				MARKETING_VERSION = 1.0;
				PRODUCT_BUNDLE_IDENTIFIER = fun.meulab.app;
				PRODUCT_NAME = "$(TARGET_NAME)";
				REGISTER_APP_GROUPS = YES;
				SUPPORTED_PLATFORMS = "iphoneos iphonesimulator";
				SUPPORTS_MACCATALYST = NO;
				SUPPORTS_MAC_DESIGNED_FOR_IPHONE_IPAD = NO;
				SUPPORTS_XR_DESIGNED_FOR_IPHONE_IPAD = NO;
				SWIFT_EMIT_LOC_STRINGS = YES;
				SWIFT_VERSION = 5.0;
				TARGETED_DEVICE_FAMILY = "1,2";
			};
			name = Debug;
		};
		703 /* Release */ = {
			isa = XCBuildConfiguration;
			buildSettings = {
				ASSETCATALOG_COMPILER_APPICON_NAME = AppIcon;
				ASSETCATALOG_COMPILER_GLOBAL_ACCENT_COLOR_NAME = AccentColor;
				CODE_SIGN_ENTITLEMENTS = MeuLabApp/MeuLabApp.entitlements;
				CODE_SIGN_STYLE = Automatic;
				CURRENT_PROJECT_VERSION = 1;
				ENABLE_APP_SANDBOX = YES;
				ENABLE_HARDENED_RUNTIME = YES;
				ENABLE_INCOMING_NETWORK_CONNECTIONS = NO;
				ENABLE_OUTGOING_NETWORK_CONNECTIONS = YES;
				ENABLE_PREVIEWS = YES;
				ENABLE_RESOURCE_ACCESS_AUDIO_INPUT = NO;
				ENABLE_RESOURCE_ACCESS_BLUETOOTH = NO;
				ENABLE_RESOURCE_ACCESS_CALENDARS = NO;
				ENABLE_RESOURCE_ACCESS_CAMERA = NO;
				ENABLE_RESOURCE_ACCESS_CONTACTS = NO;
				ENABLE_RESOURCE_ACCESS_LOCATION = YES;
				ENABLE_RESOURCE_ACCESS_PHOTO_LIBRARY = YES;
				ENABLE_RESOURCE_ACCESS_PRINTING = NO;
				ENABLE_RESOURCE_ACCESS_USB = NO;
				GENERATE_INFOPLIST_FILE = YES;
				INFOPLIST_FILE = MeuLabApp/Info.plist;
				INFOPLIST_KEY_CFBundleDisplayName = MeuLab;
				INFOPLIST_KEY_UIApplicationSceneManifest_Generation = YES;
				INFOPLIST_KEY_UIApplicationSupportsIndirectInputEvents = YES;
				INFOPLIST_KEY_UILaunchScreen_Generation = YES;
				INFOPLIST_KEY_UISupportedInterfaceOrientations_iPad = "UIInterfaceOrientationPortrait UIInterfaceOrientationPortraitUpsideDown UIInterfaceOrientationLandscapeLeft UIInterfaceOrientationLandscapeRight";
				INFOPLIST_KEY_UISupportedInterfaceOrientations_iPhone = "UIInterfaceOrientationPortrait UIInterfaceOrientationLandscapeLeft UIInterfaceOrientationLandscapeRight";
				LD_RUNPATH_SEARCH_PATHS = (
					"$(inherited)",
					"@executable_path/Frameworks",
				);
				MARKETING_VERSION = 1.0;
				PRODUCT_BUNDLE_IDENTIFIER = fun.meulab.app;
				PRODUCT_NAME = "$(TARGET_NAME)";
				REGISTER_APP_GROUPS = YES;
				SUPPORTED_PLATFORMS = "iphoneos iphonesimulator";
				SUPPORTS_MACCATALYST = NO;
				SUPPORTS_MAC_DESIGNED_FOR_IPHONE_IPAD = NO;
				SUPPORTS_XR_DESIGNED_FOR_IPHONE_IPAD = NO;
				SWIFT_EMIT_LOC_STRINGS = YES;
				SWIFT_VERSION = 5.0;
				TARGETED_DEVICE_FAMILY = "1,2";
			};
			name = Release;
		};
		F703A8C22F40352B007B6FD3 /* Debug */ = {
			isa = XCBuildConfiguration;
			buildSettings = {
				CODE_SIGN_STYLE = Automatic;
				CURRENT_PROJECT_VERSION = 1;
				GENERATE_INFOPLIST_FILE = YES;
				INFOPLIST_FILE = MeuLabNotificationService/Info.plist;
				INFOPLIST_KEY_CFBundleDisplayName = MeuLabNotificationService;
				INFOPLIST_KEY_NSHumanReadableCopyright = "";
				IPHONEOS_DEPLOYMENT_TARGET = 26.2;
				LD_RUNPATH_SEARCH_PATHS = (
					"$(inherited)",
					"@executable_path/Frameworks",
					"@executable_path/../../Frameworks",
				);
				MARKETING_VERSION = 1.0;
				PRODUCT_BUNDLE_IDENTIFIER = fun.meulab.app.MeuLabNotificationService;
				PRODUCT_NAME = "$(TARGET_NAME)";
				SKIP_INSTALL = YES;
				STRING_CATALOG_GENERATE_SYMBOLS = YES;
				SWIFT_APPROACHABLE_CONCURRENCY = YES;
				SWIFT_EMIT_LOC_STRINGS = YES;
				SWIFT_UPCOMING_FEATURE_MEMBER_IMPORT_VISIBILITY = YES;
				SWIFT_VERSION = 5.0;
				TARGETED_DEVICE_FAMILY = "1,2";
			};
			name = Debug;
		};
		F703A8C32F40352B007B6FD3 /* Release */ = {
			isa = XCBuildConfiguration;
			buildSettings = {
				CODE_SIGN_STYLE = Automatic;
				CURRENT_PROJECT_VERSION = 1;
				GENERATE_INFOPLIST_FILE = YES;
				INFOPLIST_FILE = MeuLabNotificationService/Info.plist;
				INFOPLIST_KEY_CFBundleDisplayName = MeuLabNotificationService;
				INFOPLIST_KEY_NSHumanReadableCopyright = "";
				IPHONEOS_DEPLOYMENT_TARGET = 26.2;
				LD_RUNPATH_SEARCH_PATHS = (
					"$(inherited)",
					"@executable_path/Frameworks",
					"@executable_path/../../Frameworks",
				);
				MARKETING_VERSION = 1.0;
				PRODUCT_BUNDLE_IDENTIFIER = fun.meulab.app.MeuLabNotificationService;
				PRODUCT_NAME = "$(TARGET_NAME)";
				SKIP_INSTALL = YES;
				STRING_CATALOG_GENERATE_SYMBOLS = YES;
				SWIFT_APPROACHABLE_CONCURRENCY = YES;
				SWIFT_EMIT_LOC_STRINGS = YES;
				SWIFT_UPCOMING_FEATURE_MEMBER_IMPORT_VISIBILITY = YES;
				SWIFT_VERSION = 5.0;
				TARGETED_DEVICE_FAMILY = "1,2";
			};
			name = Release;
		};
		F79572262F1347AC0058B81B /* Debug */ = {
			isa = XCBuildConfiguration;
			buildSettings = {
				ASSETCATALOG_COMPILER_GLOBAL_ACCENT_COLOR_NAME = AccentColor;
				ASSETCATALOG_COMPILER_WIDGET_BACKGROUND_COLOR_NAME = WidgetBackground;
				CODE_SIGN_ENTITLEMENTS = MeuLabWidgets/MeuLabWidgets.entitlements;
				CODE_SIGN_STYLE = Automatic;
				CURRENT_PROJECT_VERSION = 1;
				GENERATE_INFOPLIST_FILE = YES;
				INFOPLIST_FILE = MeuLabWidgets/Info.plist;
				INFOPLIST_KEY_CFBundleDisplayName = MeuLabWidgets;
				INFOPLIST_KEY_NSHumanReadableCopyright = "";
				IPHONEOS_DEPLOYMENT_TARGET = 26.2;
				LD_RUNPATH_SEARCH_PATHS = (
					"$(inherited)",
					"@executable_path/Frameworks",
					"@executable_path/../../Frameworks",
				);
				MARKETING_VERSION = 1.0;
				PRODUCT_BUNDLE_IDENTIFIER = fun.meulab.app.MeuLabWidgets;
				PRODUCT_NAME = "$(TARGET_NAME)";
				SKIP_INSTALL = YES;
				STRING_CATALOG_GENERATE_SYMBOLS = YES;
				SWIFT_APPROACHABLE_CONCURRENCY = YES;
				SWIFT_EMIT_LOC_STRINGS = YES;
				SWIFT_UPCOMING_FEATURE_MEMBER_IMPORT_VISIBILITY = YES;
				SWIFT_VERSION = 5.0;
				TARGETED_DEVICE_FAMILY = "1,2";
			};
			name = Debug;
		};
		F79572272F1347AC0058B81B /* Release */ = {
			isa = XCBuildConfiguration;
			buildSettings = {
				ASSETCATALOG_COMPILER_GLOBAL_ACCENT_COLOR_NAME = AccentColor;
				ASSETCATALOG_COMPILER_WIDGET_BACKGROUND_COLOR_NAME = WidgetBackground;
				CODE_SIGN_ENTITLEMENTS = MeuLabWidgets/MeuLabWidgets.entitlements;
				CODE_SIGN_STYLE = Automatic;
				CURRENT_PROJECT_VERSION = 1;
				GENERATE_INFOPLIST_FILE = YES;
				INFOPLIST_FILE = MeuLabWidgets/Info.plist;
				INFOPLIST_KEY_CFBundleDisplayName = MeuLabWidgets;
				INFOPLIST_KEY_NSHumanReadableCopyright = "";
				IPHONEOS_DEPLOYMENT_TARGET = 26.2;
				LD_RUNPATH_SEARCH_PATHS = (
					"$(inherited)",
					"@executable_path/Frameworks",
					"@executable_path/../../Frameworks",
				);
				MARKETING_VERSION = 1.0;
				PRODUCT_BUNDLE_IDENTIFIER = fun.meulab.app.MeuLabWidgets;
				PRODUCT_NAME = "$(TARGET_NAME)";
				SKIP_INSTALL = YES;
				STRING_CATALOG_GENERATE_SYMBOLS = YES;
				SWIFT_APPROACHABLE_CONCURRENCY = YES;
				SWIFT_EMIT_LOC_STRINGS = YES;
				SWIFT_UPCOMING_FEATURE_MEMBER_IMPORT_VISIBILITY = YES;
				SWIFT_VERSION = 5.0;
				TARGETED_DEVICE_FAMILY = "1,2";
			};
			name = Release;
		};
		W702 /* Debug */ = {
			isa = XCBuildConfiguration;
			buildSettings = {
				ASSETCATALOG_COMPILER_APPICON_NAME = AppIcon;
				ASSETCATALOG_COMPILER_GLOBAL_ACCENT_COLOR_NAME = AccentColor;
				CODE_SIGN_STYLE = Automatic;
				CURRENT_PROJECT_VERSION = 1;
				ENABLE_PREVIEWS = YES;
				GENERATE_INFOPLIST_FILE = YES;
				INFOPLIST_FILE = MeuLabWatch/Info.plist;
				INFOPLIST_KEY_CFBundleDisplayName = MeuLab;
				INFOPLIST_KEY_UISupportedInterfaceOrientations = "UIInterfaceOrientationPortrait UIInterfaceOrientationPortraitUpsideDown";
				INFOPLIST_KEY_WKCompanionAppBundleIdentifier = fun.meulab.app;
				LD_RUNPATH_SEARCH_PATHS = (
					"$(inherited)",
					"@executable_path/Frameworks",
				);
				MARKETING_VERSION = 1.0;
				PRODUCT_BUNDLE_IDENTIFIER = fun.meulab.app.watchkitapp;
				PRODUCT_NAME = "$(TARGET_NAME)";
				SDKROOT = watchos;
				SKIP_INSTALL = YES;
				SWIFT_EMIT_LOC_STRINGS = YES;
				SWIFT_VERSION = 5.0;
				TARGETED_DEVICE_FAMILY = 4;
				WATCHOS_DEPLOYMENT_TARGET = 10.0;
			};
			name = Debug;
		};
		W703 /* Release */ = {
			isa = XCBuildConfiguration;
			buildSettings = {
				ASSETCATALOG_COMPILER_APPICON_NAME = AppIcon;
				ASSETCATALOG_COMPILER_GLOBAL_ACCENT_COLOR_NAME = AccentColor;
				CODE_SIGN_STYLE = Automatic;
				CURRENT_PROJECT_VERSION = 1;
				ENABLE_PREVIEWS = YES;
				GENERATE_INFOPLIST_FILE = YES;
				INFOPLIST_FILE = MeuLabWatch/Info.plist;
				INFOPLIST_KEY_CFBundleDisplayName = MeuLab;
				INFOPLIST_KEY_UISupportedInterfaceOrientations = "UIInterfaceOrientationPortrait UIInterfaceOrientationPortraitUpsideDown";
				INFOPLIST_KEY_WKCompanionAppBundleIdentifier = fun.meulab.app;
				LD_RUNPATH_SEARCH_PATHS = (
					"$(inherited)",
					"@executable_path/Frameworks",
				);
				MARKETING_VERSION = 1.0;
				PRODUCT_BUNDLE_IDENTIFIER = fun.meulab.app.watchkitapp;
				PRODUCT_NAME = "$(TARGET_NAME)";
				SDKROOT = watchos;
				SKIP_INSTALL = YES;
				SWIFT_EMIT_LOC_STRINGS = YES;
				SWIFT_VERSION = 5.0;
				TARGETED_DEVICE_FAMILY = 4;
				WATCHOS_DEPLOYMENT_TARGET = 10.0;
			};
			name = Release;
		};
/* End XCBuildConfiguration section */

/* Begin XCConfigurationList section */
		500 /* Build configuration list for PBXNativeTarget "MeuLabApp" */ = {
			isa = XCConfigurationList;
			buildConfigurations = (
				702 /* Debug */,
				703 /* Release */,
			);
			defaultConfigurationIsVisible = 0;
			defaultConfigurationName = Release;
		};
		601 /* Build configuration list for PBXProject "MeuLabApp" */ = {
			isa = XCConfigurationList;
			buildConfigurations = (
				700 /* Debug */,
				701 /* Release */,
			);
			defaultConfigurationIsVisible = 0;
			defaultConfigurationName = Release;
		};
		F703A8C52F40352B007B6FD3 /* Build configuration list for PBXNativeTarget "MeuLabNotificationService" */ = {
			isa = XCConfigurationList;
			buildConfigurations = (
				F703A8C22F40352B007B6FD3 /* Debug */,
				F703A8C32F40352B007B6FD3 /* Release */,
			);
			defaultConfigurationIsVisible = 0;
			defaultConfigurationName = Release;
		};
		F79572252F1347AC0058B81B /* Build configuration list for PBXNativeTarget "MeuLabWidgetsExtension" */ = {
			isa = XCConfigurationList;
			buildConfigurations = (
				F79572262F1347AC0058B81B /* Debug */,
				F79572272F1347AC0058B81B /* Release */,
			);
			defaultConfigurationIsVisible = 0;
			defaultConfigurationName = Release;
		};
		W500 /* Build configuration list for PBXNativeTarget "MeuLabWatch" */ = {
			isa = XCConfigurationList;
			buildConfigurations = (
				W702 /* Debug */,
				W703 /* Release */,
			);
			defaultConfigurationIsVisible = 0;
			defaultConfigurationName = Release;
		};
/* End XCConfigurationList section */
	};
	rootObject = 600 /* Project object */;
}
